
Microsoft Visual Studio Solution File, Format Version 12.00
# Visual Studio Version 17
VisualStudioVersion = 17.3.32811.315
MinimumVisualStudioVersion = 10.0.40219.1
Project("{FAE04EC0-301F-11D3-BF4B-00C04F79EFBC}") = "Car", "Car.csproj", "{CBB39C43-1FBD-4AE3-AFAA-FFF2CCBB72F1}"
EndProject
Project("{2150E333-8FDC-42A3-9474-1A3956D46DE8}") = "Solution Items", "Solution Items", "{C413CC74-AEC3-43F1-B129-B4C7D9626D53}"
	ProjectSection(SolutionItems) = preProject
		Tyre.cs = Tyre.cs
	EndProjectSection
EndProject
Global
	GlobalSection(SolutionConfigurationPlatforms) = preSolution
		Debug|Any CPU = Debug|Any CPU
		Release|Any CPU = Release|Any CPU
	EndGlobalSection
	GlobalSection(ProjectConfigurationPlatforms) = postSolution
		{CBB39C43-1FBD-4AE3-AFAA-FFF2CCBB72F1}.Debug|Any CPU.ActiveCfg = Debug|Any CPU
		{CBB39C43-1FBD-4AE3-AFAA-FFF2CCBB72F1}.Debug|Any CPU.Build.0 = Debug|Any CPU
		{CBB39C43-1FBD-4AE3-AFAA-FFF2CCBB72F1}.Release|Any CPU.ActiveCfg = Release|Any CPU
		{CBB39C43-1FBD-4AE3-AFAA-FFF2CCBB72F1}.Release|Any CPU.Build.0 = Release|Any CPU
	EndGlobalSection
	GlobalSection(SolutionProperties) = preSolution
		HideSolutionNode = FALSE
	EndGlobalSection
	GlobalSection(ExtensibilityGlobals) = postSolution
		SolutionGuid = {4722D987-582D-42F7-B12C-8267C97E1E8B}
	EndGlobalSection
EndGlobal
