
Microsoft Visual Studio Solution File, Format Version 12.00
# Visual Studio Version 17
VisualStudioVersion = 17.3.32819.101
MinimumVisualStudioVersion = 10.0.40219.1
Project("{FAE04EC0-301F-11D3-BF4B-00C04F79EFBC}") = "Automate_Xpath", "Automate_Xpath.csproj", "{9766CEC4-3C5A-4E4C-8B62-0A1A3A80073F}"
EndProject
Global
	GlobalSection(SolutionConfigurationPlatforms) = preSolution
		Debug|Any CPU = Debug|Any CPU
		Release|Any CPU = Release|Any CPU
	EndGlobalSection
	GlobalSection(ProjectConfigurationPlatforms) = postSolution
		{9766CEC4-3C5A-4E4C-8B62-0A1A3A80073F}.Debug|Any CPU.ActiveCfg = Debug|Any CPU
		{9766CEC4-3C5A-4E4C-8B62-0A1A3A80073F}.Debug|Any CPU.Build.0 = Debug|Any CPU
		{9766CEC4-3C5A-4E4C-8B62-0A1A3A80073F}.Release|Any CPU.ActiveCfg = Release|Any CPU
		{9766CEC4-3C5A-4E4C-8B62-0A1A3A80073F}.Release|Any CPU.Build.0 = Release|Any CPU
	EndGlobalSection
	GlobalSection(SolutionProperties) = preSolution
		HideSolutionNode = FALSE
	EndGlobalSection
	GlobalSection(ExtensibilityGlobals) = postSolution
		SolutionGuid = {A959722B-97E7-4B2E-B996-C251516717B8}
	EndGlobalSection
EndGlobal
