
Microsoft Visual Studio Solution File, Format Version 12.00
# Visual Studio Version 17
VisualStudioVersion = 17.3.32804.467
MinimumVisualStudioVersion = 10.0.40219.1
Project("{FAE04EC0-301F-11D3-BF4B-00C04F79EFBC}") = "SeleniumDemo", "SeleniumDemo.csproj", "{DA412A9C-78DF-440A-8D53-19C924725188}"
EndProject
Global
	GlobalSection(SolutionConfigurationPlatforms) = preSolution
		Debug|Any CPU = Debug|Any CPU
		Release|Any CPU = Release|Any CPU
	EndGlobalSection
	GlobalSection(ProjectConfigurationPlatforms) = postSolution
		{DA412A9C-78DF-440A-8D53-19C924725188}.Debug|Any CPU.ActiveCfg = Debug|Any CPU
		{DA412A9C-78DF-440A-8D53-19C924725188}.Debug|Any CPU.Build.0 = Debug|Any CPU
		{DA412A9C-78DF-440A-8D53-19C924725188}.Release|Any CPU.ActiveCfg = Release|Any CPU
		{DA412A9C-78DF-440A-8D53-19C924725188}.Release|Any CPU.Build.0 = Release|Any CPU
	EndGlobalSection
	GlobalSection(SolutionProperties) = preSolution
		HideSolutionNode = FALSE
	EndGlobalSection
	GlobalSection(ExtensibilityGlobals) = postSolution
		SolutionGuid = {91C28BEA-8E84-4AF2-9745-CE97BD7E1C9A}
	EndGlobalSection
EndGlobal
