
Microsoft Visual Studio Solution File, Format Version 12.00
# Visual Studio Version 17
VisualStudioVersion = 17.3.32825.248
MinimumVisualStudioVersion = 10.0.40219.1
Project("{FAE04EC0-301F-11D3-BF4B-00C04F79EFBC}") = "FullPageSS", "FullPageSS\FullPageSS.csproj", "{50E15796-75E9-447E-BC1E-315ABA009E4D}"
EndProject
Global
	GlobalSection(SolutionConfigurationPlatforms) = preSolution
		Debug|Any CPU = Debug|Any CPU
		Release|Any CPU = Release|Any CPU
	EndGlobalSection
	GlobalSection(ProjectConfigurationPlatforms) = postSolution
		{50E15796-75E9-447E-BC1E-315ABA009E4D}.Debug|Any CPU.ActiveCfg = Debug|Any CPU
		{50E15796-75E9-447E-BC1E-315ABA009E4D}.Debug|Any CPU.Build.0 = Debug|Any CPU
		{50E15796-75E9-447E-BC1E-315ABA009E4D}.Release|Any CPU.ActiveCfg = Release|Any CPU
		{50E15796-75E9-447E-BC1E-315ABA009E4D}.Release|Any CPU.Build.0 = Release|Any CPU
	EndGlobalSection
	GlobalSection(SolutionProperties) = preSolution
		HideSolutionNode = FALSE
	EndGlobalSection
	GlobalSection(ExtensibilityGlobals) = postSolution
		SolutionGuid = {1CC616DF-D504-455D-A04F-EAD501B2883C}
	EndGlobalSection
EndGlobal
