
Microsoft Visual Studio Solution File, Format Version 12.00
# Visual Studio Version 17
VisualStudioVersion = 17.3.32804.467
MinimumVisualStudioVersion = 10.0.40219.1
Project("{FAE04EC0-301F-11D3-BF4B-00C04F79EFBC}") = "SectionQuiz", "SectionQuiz.csproj", "{32C4E1BA-6078-47CC-B5CB-7597FDEA9C11}"
EndProject
Global
	GlobalSection(SolutionConfigurationPlatforms) = preSolution
		Debug|Any CPU = Debug|Any CPU
		Release|Any CPU = Release|Any CPU
	EndGlobalSection
	GlobalSection(ProjectConfigurationPlatforms) = postSolution
		{32C4E1BA-6078-47CC-B5CB-7597FDEA9C11}.Debug|Any CPU.ActiveCfg = Debug|Any CPU
		{32C4E1BA-6078-47CC-B5CB-7597FDEA9C11}.Debug|Any CPU.Build.0 = Debug|Any CPU
		{32C4E1BA-6078-47CC-B5CB-7597FDEA9C11}.Release|Any CPU.ActiveCfg = Release|Any CPU
		{32C4E1BA-6078-47CC-B5CB-7597FDEA9C11}.Release|Any CPU.Build.0 = Release|Any CPU
	EndGlobalSection
	GlobalSection(SolutionProperties) = preSolution
		HideSolutionNode = FALSE
	EndGlobalSection
	GlobalSection(ExtensibilityGlobals) = postSolution
		SolutionGuid = {B6AA2F2A-535F-4AF5-96CB-B6355A394253}
	EndGlobalSection
EndGlobal
